
Microsoft Visual Studio Solution File, Format Version 12.00
# Visual Studio Version 17
VisualStudioVersion = 17.8.34316.72
MinimumVisualStudioVersion = 10.0.40219.1
Project("{FAE04EC0-301F-11D3-BF4B-00C04F79EFBC}") = "BlogApp.WebUI", "BlogApp.WebUI\BlogApp.WebUI.csproj", "{4719C4D2-C38D-4C13-8918-8412E9A012DA}"
EndProject
Project("{FAE04EC0-301F-11D3-BF4B-00C04F79EFBC}") = "BlogApp.Model", "BlogApp.Model\BlogApp.Model.csproj", "{96A95684-1181-464E-9AA1-37959B5823DE}"
EndProject
Project("{FAE04EC0-301F-11D3-BF4B-00C04F79EFBC}") = "BlogApp.Data", "BlogApp.Data\BlogApp.Data.csproj", "{1A81C069-20A5-4BB5-A04C-E12B1912CB3D}"
EndProject
Project("{FAE04EC0-301F-11D3-BF4B-00C04F79EFBC}") = "BlogApp.Business", "BlogApp.Business\BlogApp.Business.csproj", "{58EA468A-C34B-47EE-82AC-4FC807326EFE}"
EndProject
Project("{FAE04EC0-301F-11D3-BF4B-00C04F79EFBC}") = "BlogApp.IoC", "BlogApp.IoC\BlogApp.IoC.csproj", "{15C1E279-953F-450B-A39C-2EA919A32302}"
EndProject
Global
	GlobalSection(SolutionConfigurationPlatforms) = preSolution
		Debug|Any CPU = Debug|Any CPU
		Release|Any CPU = Release|Any CPU
	EndGlobalSection
	GlobalSection(ProjectConfigurationPlatforms) = postSolution
		{4719C4D2-C38D-4C13-8918-8412E9A012DA}.Debug|Any CPU.ActiveCfg = Debug|Any CPU
		{4719C4D2-C38D-4C13-8918-8412E9A012DA}.Debug|Any CPU.Build.0 = Debug|Any CPU
		{4719C4D2-C38D-4C13-8918-8412E9A012DA}.Release|Any CPU.ActiveCfg = Release|Any CPU
		{4719C4D2-C38D-4C13-8918-8412E9A012DA}.Release|Any CPU.Build.0 = Release|Any CPU
		{96A95684-1181-464E-9AA1-37959B5823DE}.Debug|Any CPU.ActiveCfg = Debug|Any CPU
		{96A95684-1181-464E-9AA1-37959B5823DE}.Debug|Any CPU.Build.0 = Debug|Any CPU
		{96A95684-1181-464E-9AA1-37959B5823DE}.Release|Any CPU.ActiveCfg = Release|Any CPU
		{96A95684-1181-464E-9AA1-37959B5823DE}.Release|Any CPU.Build.0 = Release|Any CPU
		{1A81C069-20A5-4BB5-A04C-E12B1912CB3D}.Debug|Any CPU.ActiveCfg = Debug|Any CPU
		{1A81C069-20A5-4BB5-A04C-E12B1912CB3D}.Debug|Any CPU.Build.0 = Debug|Any CPU
		{1A81C069-20A5-4BB5-A04C-E12B1912CB3D}.Release|Any CPU.ActiveCfg = Release|Any CPU
		{1A81C069-20A5-4BB5-A04C-E12B1912CB3D}.Release|Any CPU.Build.0 = Release|Any CPU
		{58EA468A-C34B-47EE-82AC-4FC807326EFE}.Debug|Any CPU.ActiveCfg = Debug|Any CPU
		{58EA468A-C34B-47EE-82AC-4FC807326EFE}.Debug|Any CPU.Build.0 = Debug|Any CPU
		{58EA468A-C34B-47EE-82AC-4FC807326EFE}.Release|Any CPU.ActiveCfg = Release|Any CPU
		{58EA468A-C34B-47EE-82AC-4FC807326EFE}.Release|Any CPU.Build.0 = Release|Any CPU
		{15C1E279-953F-450B-A39C-2EA919A32302}.Debug|Any CPU.ActiveCfg = Debug|Any CPU
		{15C1E279-953F-450B-A39C-2EA919A32302}.Debug|Any CPU.Build.0 = Debug|Any CPU
		{15C1E279-953F-450B-A39C-2EA919A32302}.Release|Any CPU.ActiveCfg = Release|Any CPU
		{15C1E279-953F-450B-A39C-2EA919A32302}.Release|Any CPU.Build.0 = Release|Any CPU
	EndGlobalSection
	GlobalSection(SolutionProperties) = preSolution
		HideSolutionNode = FALSE
	EndGlobalSection
	GlobalSection(ExtensibilityGlobals) = postSolution
		SolutionGuid = {7E524E82-E44A-490B-B3D5-CB09C2FA7D81}
	EndGlobalSection
EndGlobal
